
Microsoft Visual Studio Solution File, Format Version 12.00
# Visual Studio Version 17
VisualStudioVersion = 17.2.32630.192
MinimumVisualStudioVersion = 10.0.40219.1
Project("{FAE04EC0-301F-11D3-BF4B-00C04F79EFBC}") = "Villa Web", "Villa Web\Villa Web.csproj", "{CE88800C-6878-4B01-AACB-7F1728466716}"
EndProject
Global
	GlobalSection(SolutionConfigurationPlatforms) = preSolution
		Debug|Any CPU = Debug|Any CPU
		Release|Any CPU = Release|Any CPU
	EndGlobalSection
	GlobalSection(ProjectConfigurationPlatforms) = postSolution
		{CE88800C-6878-4B01-AACB-7F1728466716}.Debug|Any CPU.ActiveCfg = Debug|Any CPU
		{CE88800C-6878-4B01-AACB-7F1728466716}.Debug|Any CPU.Build.0 = Debug|Any CPU
		{CE88800C-6878-4B01-AACB-7F1728466716}.Release|Any CPU.ActiveCfg = Release|Any CPU
		{CE88800C-6878-4B01-AACB-7F1728466716}.Release|Any CPU.Build.0 = Release|Any CPU
	EndGlobalSection
	GlobalSection(SolutionProperties) = preSolution
		HideSolutionNode = FALSE
	EndGlobalSection
	GlobalSection(ExtensibilityGlobals) = postSolution
		SolutionGuid = {58A611AC-3ACD-49E7-BCE6-5CCAC3555197}
	EndGlobalSection
EndGlobal
